version = 1
requires-python = "==3.12.*"

[[package]]
name = "aiohappyeyeballs"
version = "2.4.3"
source = { registry = "https://pypi.org/simple" }
sdist = { url = "https://files.pythonhosted.org/packages/bc/69/2f6d5a019bd02e920a3417689a89887b39ad1e350b562f9955693d900c40/aiohappyeyeballs-2.4.3.tar.gz", hash = "sha256:75cf88a15106a5002a8eb1dab212525c00d1f4c0fa96e551c9fbe6f09a621586", size = 21809 }
wheels = [
    { url = "https://files.pythonhosted.org/packages/f7/d8/120cd0fe3e8530df0539e71ba9683eade12cae103dd7543e50d15f737917/aiohappyeyeballs-2.4.3-py3-none-any.whl", hash = "sha256:8a7a83727b2756f394ab2895ea0765a0a8c475e3c71e98d43d76f22b4b435572", size = 14742 },
]

[[package]]
name = "aiohttp"
version = "3.10.10"
source = { registry = "https://pypi.org/simple" }
dependencies = [
    { name = "aiohappyeyeballs" },
    { name = "aiosignal" },
    { name = "attrs" },
    { name = "frozenlist" },
    { name = "multidict" },
    { name = "yarl" },
]
sdist = { url = "https://files.pythonhosted.org/packages/17/7e/16e57e6cf20eb62481a2f9ce8674328407187950ccc602ad07c685279141/aiohttp-3.10.10.tar.gz", hash = "sha256:0631dd7c9f0822cc61c88586ca76d5b5ada26538097d0f1df510b082bad3411a", size = 7542993 }
wheels = [
    { url = "https://files.pythonhosted.org/packages/ae/99/4c5aefe5ad06a1baf206aed6598c7cdcbc7c044c46801cd0d1ecb758cae3/aiohttp-3.10.10-cp312-cp312-macosx_10_9_universal2.whl", hash = "sha256:9294bbb581f92770e6ed5c19559e1e99255e4ca604a22c5c6397b2f9dd3ee42c", size = 583536 },
    { url = "https://files.pythonhosted.org/packages/a9/36/8b3bc49b49cb6d2da40ee61ff15dbcc44fd345a3e6ab5bb20844df929821/aiohttp-3.10.10-cp312-cp312-macosx_10_9_x86_64.whl", hash = "sha256:a8fa23fe62c436ccf23ff930149c047f060c7126eae3ccea005f0483f27b2e28", size = 395693 },
    { url = "https://files.pythonhosted.org/packages/e1/77/0aa8660dcf11fa65d61712dbb458c4989de220a844bd69778dff25f2d50b/aiohttp-3.10.10-cp312-cp312-macosx_11_0_arm64.whl", hash = "sha256:5c6a5b8c7926ba5d8545c7dd22961a107526562da31a7a32fa2456baf040939f", size = 390898 },
    { url = "https://files.pythonhosted.org/packages/38/d2/b833d95deb48c75db85bf6646de0a697e7fb5d87bd27cbade4f9746b48b1/aiohttp-3.10.10-cp312-cp312-manylinux_2_17_aarch64.manylinux2014_aarch64.whl", hash = "sha256:007ec22fbc573e5eb2fb7dec4198ef8f6bf2fe4ce20020798b2eb5d0abda6138", size = 1312060 },
    { url = "https://files.pythonhosted.org/packages/aa/5f/29fd5113165a0893de8efedf9b4737e0ba92dfcd791415a528f947d10299/aiohttp-3.10.10-cp312-cp312-manylinux_2_17_ppc64le.manylinux2014_ppc64le.whl", hash = "sha256:9627cc1a10c8c409b5822a92d57a77f383b554463d1884008e051c32ab1b3742", size = 1350553 },
    { url = "https://files.pythonhosted.org/packages/ad/cc/f835f74b7d344428469200105236d44606cfa448be1e7c95ca52880d9bac/aiohttp-3.10.10-cp312-cp312-manylinux_2_17_s390x.manylinux2014_s390x.whl", hash = "sha256:50edbcad60d8f0e3eccc68da67f37268b5144ecc34d59f27a02f9611c1d4eec7", size = 1392646 },
    { url = "https://files.pythonhosted.org/packages/bf/fe/1332409d845ca601893bbf2d76935e0b93d41686e5f333841c7d7a4a770d/aiohttp-3.10.10-cp312-cp312-manylinux_2_17_x86_64.manylinux2014_x86_64.whl", hash = "sha256:a45d85cf20b5e0d0aa5a8dca27cce8eddef3292bc29d72dcad1641f4ed50aa16", size = 1306310 },
    { url = "https://files.pythonhosted.org/packages/e4/a1/25a7633a5a513278a9892e333501e2e69c83e50be4b57a62285fb7a008c3/aiohttp-3.10.10-cp312-cp312-manylinux_2_5_i686.manylinux1_i686.manylinux_2_17_i686.manylinux2014_i686.whl", hash = "sha256:0b00807e2605f16e1e198f33a53ce3c4523114059b0c09c337209ae55e3823a8", size = 1260255 },
    { url = "https://files.pythonhosted.org/packages/f2/39/30eafe89e0e2a06c25e4762844c8214c0c0cd0fd9ffc3471694a7986f421/aiohttp-3.10.10-cp312-cp312-musllinux_1_2_aarch64.whl", hash = "sha256:f2d4324a98062be0525d16f768a03e0bbb3b9fe301ceee99611dc9a7953124e6", size = 1271141 },
    { url = "https://files.pythonhosted.org/packages/5b/fc/33125df728b48391ef1fcb512dfb02072158cc10d041414fb79803463020/aiohttp-3.10.10-cp312-cp312-musllinux_1_2_i686.whl", hash = "sha256:438cd072f75bb6612f2aca29f8bd7cdf6e35e8f160bc312e49fbecab77c99e3a", size = 1280244 },
    { url = "https://files.pythonhosted.org/packages/3b/61/e42bf2c2934b5caa4e2ec0b5e5fd86989adb022b5ee60c2572a9d77cf6fe/aiohttp-3.10.10-cp312-cp312-musllinux_1_2_ppc64le.whl", hash = "sha256:baa42524a82f75303f714108fea528ccacf0386af429b69fff141ffef1c534f9", size = 1316805 },
    { url = "https://files.pythonhosted.org/packages/18/32/f52a5e2ae9ad3bba10e026a63a7a23abfa37c7d97aeeb9004eaa98df3ce3/aiohttp-3.10.10-cp312-cp312-musllinux_1_2_s390x.whl", hash = "sha256:a7d8d14fe962153fc681f6366bdec33d4356f98a3e3567782aac1b6e0e40109a", size = 1343930 },
    { url = "https://files.pythonhosted.org/packages/05/be/6a403b464dcab3631fe8e27b0f1d906d9e45c5e92aca97ee007e5a895560/aiohttp-3.10.10-cp312-cp312-musllinux_1_2_x86_64.whl", hash = "sha256:c1277cd707c465cd09572a774559a3cc7c7a28802eb3a2a9472588f062097205", size = 1306186 },
    { url = "https://files.pythonhosted.org/packages/8e/fd/bb50fe781068a736a02bf5c7ad5f3ab53e39f1d1e63110da6d30f7605edc/aiohttp-3.10.10-cp312-cp312-win32.whl", hash = "sha256:59bb3c54aa420521dc4ce3cc2c3fe2ad82adf7b09403fa1f48ae45c0cbde6628", size = 359289 },
    { url = "https://files.pythonhosted.org/packages/70/9e/5add7e240f77ef67c275c82cc1d08afbca57b77593118c1f6e920ae8ad3f/aiohttp-3.10.10-cp312-cp312-win_amd64.whl", hash = "sha256:0e1b370d8007c4ae31ee6db7f9a2fe801a42b146cec80a86766e7ad5c4a259cf", size = 379313 },
]

[[package]]
name = "aiosignal"
version = "1.3.1"
source = { registry = "https://pypi.org/simple" }
dependencies = [
    { name = "frozenlist" },
]
sdist = { url = "https://files.pythonhosted.org/packages/ae/67/0952ed97a9793b4958e5736f6d2b346b414a2cd63e82d05940032f45b32f/aiosignal-1.3.1.tar.gz", hash = "sha256:54cd96e15e1649b75d6c87526a6ff0b6c1b0dd3459f43d9ca11d48c339b68cfc", size = 19422 }
wheels = [
    { url = "https://files.pythonhosted.org/packages/76/ac/a7305707cb852b7e16ff80eaf5692309bde30e2b1100a1fcacdc8f731d97/aiosignal-1.3.1-py3-none-any.whl", hash = "sha256:f8376fb07dd1e86a584e4fcdec80b36b7f81aac666ebc724e2c090300dd83b17", size = 7617 },
]

[[package]]
name = "attrs"
version = "24.2.0"
source = { registry = "https://pypi.org/simple" }
sdist = { url = "https://files.pythonhosted.org/packages/fc/0f/aafca9af9315aee06a89ffde799a10a582fe8de76c563ee80bbcdc08b3fb/attrs-24.2.0.tar.gz", hash = "sha256:5cfb1b9148b5b086569baec03f20d7b6bf3bcacc9a42bebf87ffaaca362f6346", size = 792678 }
wheels = [
    { url = "https://files.pythonhosted.org/packages/6a/21/5b6702a7f963e95456c0de2d495f67bf5fd62840ac655dc451586d23d39a/attrs-24.2.0-py3-none-any.whl", hash = "sha256:81921eb96de3191c8258c199618104dd27ac608d9366f5e35d011eae1867ede2", size = 63001 },
]

[[package]]
name = "bidict"
version = "0.23.1"
source = { registry = "https://pypi.org/simple" }
sdist = { url = "https://files.pythonhosted.org/packages/9a/6e/026678aa5a830e07cd9498a05d3e7e650a4f56a42f267a53d22bcda1bdc9/bidict-0.23.1.tar.gz", hash = "sha256:03069d763bc387bbd20e7d49914e75fc4132a41937fa3405417e1a5a2d006d71", size = 29093 }
wheels = [
    { url = "https://files.pythonhosted.org/packages/99/37/e8730c3587a65eb5645d4aba2d27aae48e8003614d6aaf15dda67f702f1f/bidict-0.23.1-py3-none-any.whl", hash = "sha256:5dae8d4d79b552a71cbabc7deb25dfe8ce710b17ff41711e13010ead2abfc3e5", size = 32764 },
]

[[package]]
name = "frozenlist"
version = "1.5.0"
source = { registry = "https://pypi.org/simple" }
sdist = { url = "https://files.pythonhosted.org/packages/8f/ed/0f4cec13a93c02c47ec32d81d11c0c1efbadf4a471e3f3ce7cad366cbbd3/frozenlist-1.5.0.tar.gz", hash = "sha256:81d5af29e61b9c8348e876d442253723928dce6433e0e76cd925cd83f1b4b817", size = 39930 }
wheels = [
    { url = "https://files.pythonhosted.org/packages/79/73/fa6d1a96ab7fd6e6d1c3500700963eab46813847f01ef0ccbaa726181dd5/frozenlist-1.5.0-cp312-cp312-macosx_10_13_universal2.whl", hash = "sha256:31115ba75889723431aa9a4e77d5f398f5cf976eea3bdf61749731f62d4a4a21", size = 94026 },
    { url = "https://files.pythonhosted.org/packages/ab/04/ea8bf62c8868b8eada363f20ff1b647cf2e93377a7b284d36062d21d81d1/frozenlist-1.5.0-cp312-cp312-macosx_10_13_x86_64.whl", hash = "sha256:7437601c4d89d070eac8323f121fcf25f88674627505334654fd027b091db09d", size = 54150 },
    { url = "https://files.pythonhosted.org/packages/d0/9a/8e479b482a6f2070b26bda572c5e6889bb3ba48977e81beea35b5ae13ece/frozenlist-1.5.0-cp312-cp312-macosx_11_0_arm64.whl", hash = "sha256:7948140d9f8ece1745be806f2bfdf390127cf1a763b925c4a805c603df5e697e", size = 51927 },
    { url = "https://files.pythonhosted.org/packages/e3/12/2aad87deb08a4e7ccfb33600871bbe8f0e08cb6d8224371387f3303654d7/frozenlist-1.5.0-cp312-cp312-manylinux_2_17_aarch64.manylinux2014_aarch64.whl", hash = "sha256:feeb64bc9bcc6b45c6311c9e9b99406660a9c05ca8a5b30d14a78555088b0b3a", size = 282647 },
    { url = "https://files.pythonhosted.org/packages/77/f2/07f06b05d8a427ea0060a9cef6e63405ea9e0d761846b95ef3fb3be57111/frozenlist-1.5.0-cp312-cp312-manylinux_2_17_ppc64le.manylinux2014_ppc64le.whl", hash = "sha256:683173d371daad49cffb8309779e886e59c2f369430ad28fe715f66d08d4ab1a", size = 289052 },
    { url = "https://files.pythonhosted.org/packages/bd/9f/8bf45a2f1cd4aa401acd271b077989c9267ae8463e7c8b1eb0d3f561b65e/frozenlist-1.5.0-cp312-cp312-manylinux_2_17_s390x.manylinux2014_s390x.whl", hash = "sha256:7d57d8f702221405a9d9b40f9da8ac2e4a1a8b5285aac6100f3393675f0a85ee", size = 291719 },
    { url = "https://files.pythonhosted.org/packages/41/d1/1f20fd05a6c42d3868709b7604c9f15538a29e4f734c694c6bcfc3d3b935/frozenlist-1.5.0-cp312-cp312-manylinux_2_5_i686.manylinux1_i686.manylinux_2_17_i686.manylinux2014_i686.whl", hash = "sha256:30c72000fbcc35b129cb09956836c7d7abf78ab5416595e4857d1cae8d6251a6", size = 267433 },
    { url = "https://files.pythonhosted.org/packages/af/f2/64b73a9bb86f5a89fb55450e97cd5c1f84a862d4ff90d9fd1a73ab0f64a5/frozenlist-1.5.0-cp312-cp312-manylinux_2_5_x86_64.manylinux1_x86_64.manylinux_2_17_x86_64.manylinux2014_x86_64.whl", hash = "sha256:000a77d6034fbad9b6bb880f7ec073027908f1b40254b5d6f26210d2dab1240e", size = 283591 },
    { url = "https://files.pythonhosted.org/packages/29/e2/ffbb1fae55a791fd6c2938dd9ea779509c977435ba3940b9f2e8dc9d5316/frozenlist-1.5.0-cp312-cp312-musllinux_1_2_aarch64.whl", hash = "sha256:5d7f5a50342475962eb18b740f3beecc685a15b52c91f7d975257e13e029eca9", size = 273249 },
    { url = "https://files.pythonhosted.org/packages/2e/6e/008136a30798bb63618a114b9321b5971172a5abddff44a100c7edc5ad4f/frozenlist-1.5.0-cp312-cp312-musllinux_1_2_i686.whl", hash = "sha256:87f724d055eb4785d9be84e9ebf0f24e392ddfad00b3fe036e43f489fafc9039", size = 271075 },
    { url = "https://files.pythonhosted.org/packages/ae/f0/4e71e54a026b06724cec9b6c54f0b13a4e9e298cc8db0f82ec70e151f5ce/frozenlist-1.5.0-cp312-cp312-musllinux_1_2_ppc64le.whl", hash = "sha256:6e9080bb2fb195a046e5177f10d9d82b8a204c0736a97a153c2466127de87784", size = 285398 },
    { url = "https://files.pythonhosted.org/packages/4d/36/70ec246851478b1c0b59f11ef8ade9c482ff447c1363c2bd5fad45098b12/frozenlist-1.5.0-cp312-cp312-musllinux_1_2_s390x.whl", hash = "sha256:9b93d7aaa36c966fa42efcaf716e6b3900438632a626fb09c049f6a2f09fc631", size = 294445 },
    { url = "https://files.pythonhosted.org/packages/37/e0/47f87544055b3349b633a03c4d94b405956cf2437f4ab46d0928b74b7526/frozenlist-1.5.0-cp312-cp312-musllinux_1_2_x86_64.whl", hash = "sha256:52ef692a4bc60a6dd57f507429636c2af8b6046db8b31b18dac02cbc8f507f7f", size = 280569 },
    { url = "https://files.pythonhosted.org/packages/f9/7c/490133c160fb6b84ed374c266f42800e33b50c3bbab1652764e6e1fc498a/frozenlist-1.5.0-cp312-cp312-win32.whl", hash = "sha256:29d94c256679247b33a3dc96cce0f93cbc69c23bf75ff715919332fdbb6a32b8", size = 44721 },
    { url = "https://files.pythonhosted.org/packages/b1/56/4e45136ffc6bdbfa68c29ca56ef53783ef4c2fd395f7cbf99a2624aa9aaa/frozenlist-1.5.0-cp312-cp312-win_amd64.whl", hash = "sha256:8969190d709e7c48ea386db202d708eb94bdb29207a1f269bab1196ce0dcca1f", size = 51329 },
    { url = "https://files.pythonhosted.org/packages/c6/c8/a5be5b7550c10858fcf9b0ea054baccab474da77d37f1e828ce043a3a5d4/frozenlist-1.5.0-py3-none-any.whl", hash = "sha256:d994863bba198a4a518b467bb971c56e1db3f180a25c6cf7bb1949c267f748c3", size = 11901 },
]

[[package]]
name = "grpcio"
version = "1.67.1"
source = { registry = "https://pypi.org/simple" }
sdist = { url = "https://files.pythonhosted.org/packages/20/53/d9282a66a5db45981499190b77790570617a604a38f3d103d0400974aeb5/grpcio-1.67.1.tar.gz", hash = "sha256:3dc2ed4cabea4dc14d5e708c2b426205956077cc5de419b4d4079315017e9732", size = 12580022 }
wheels = [
    { url = "https://files.pythonhosted.org/packages/6e/25/6f95bd18d5f506364379eabc0d5874873cc7dbdaf0757df8d1e82bc07a88/grpcio-1.67.1-cp312-cp312-linux_armv7l.whl", hash = "sha256:267d1745894200e4c604958da5f856da6293f063327cb049a51fe67348e4f953", size = 5089809 },
    { url = "https://files.pythonhosted.org/packages/10/3f/d79e32e5d0354be33a12db2267c66d3cfeff700dd5ccdd09fd44a3ff4fb6/grpcio-1.67.1-cp312-cp312-macosx_10_9_universal2.whl", hash = "sha256:85f69fdc1d28ce7cff8de3f9c67db2b0ca9ba4449644488c1e0303c146135ddb", size = 10981985 },
    { url = "https://files.pythonhosted.org/packages/21/f2/36fbc14b3542e3a1c20fb98bd60c4732c55a44e374a4eb68f91f28f14aab/grpcio-1.67.1-cp312-cp312-manylinux_2_17_aarch64.whl", hash = "sha256:f26b0b547eb8d00e195274cdfc63ce64c8fc2d3e2d00b12bf468ece41a0423a0", size = 5588770 },
    { url = "https://files.pythonhosted.org/packages/0d/af/bbc1305df60c4e65de8c12820a942b5e37f9cf684ef5e49a63fbb1476a73/grpcio-1.67.1-cp312-cp312-manylinux_2_17_i686.manylinux2014_i686.whl", hash = "sha256:4422581cdc628f77302270ff839a44f4c24fdc57887dc2a45b7e53d8fc2376af", size = 6214476 },
    { url = "https://files.pythonhosted.org/packages/92/cf/1d4c3e93efa93223e06a5c83ac27e32935f998bc368e276ef858b8883154/grpcio-1.67.1-cp312-cp312-manylinux_2_17_x86_64.manylinux2014_x86_64.whl", hash = "sha256:1d7616d2ded471231c701489190379e0c311ee0a6c756f3c03e6a62b95a7146e", size = 5850129 },
    { url = "https://files.pythonhosted.org/packages/ae/ca/26195b66cb253ac4d5ef59846e354d335c9581dba891624011da0e95d67b/grpcio-1.67.1-cp312-cp312-musllinux_1_1_i686.whl", hash = "sha256:8a00efecde9d6fcc3ab00c13f816313c040a28450e5e25739c24f432fc6d3c75", size = 6568489 },
    { url = "https://files.pythonhosted.org/packages/d1/94/16550ad6b3f13b96f0856ee5dfc2554efac28539ee84a51d7b14526da985/grpcio-1.67.1-cp312-cp312-musllinux_1_1_x86_64.whl", hash = "sha256:699e964923b70f3101393710793289e42845791ea07565654ada0969522d0a38", size = 6149369 },
    { url = "https://files.pythonhosted.org/packages/33/0d/4c3b2587e8ad7f121b597329e6c2620374fccbc2e4e1aa3c73ccc670fde4/grpcio-1.67.1-cp312-cp312-win32.whl", hash = "sha256:4e7b904484a634a0fff132958dabdb10d63e0927398273917da3ee103e8d1f78", size = 3599176 },
    { url = "https://files.pythonhosted.org/packages/7d/36/0c03e2d80db69e2472cf81c6123aa7d14741de7cf790117291a703ae6ae1/grpcio-1.67.1-cp312-cp312-win_amd64.whl", hash = "sha256:5721e66a594a6c4204458004852719b38f3d5522082be9061d6510b455c90afc", size = 4346574 },
]

[[package]]
name = "grpcio-tools"
version = "1.67.1"
source = { registry = "https://pypi.org/simple" }
dependencies = [
    { name = "grpcio" },
    { name = "protobuf" },
    { name = "setuptools" },
]
sdist = { url = "https://files.pythonhosted.org/packages/ae/f9/6facde12a5a8da4398a3a8947f8ba6ef33b408dfc9767c8cefc0074ddd68/grpcio_tools-1.67.1.tar.gz", hash = "sha256:d9657f5ddc62b52f58904e6054b7d8a8909ed08a1e28b734be3a707087bcf004", size = 5159073 }
wheels = [
    { url = "https://files.pythonhosted.org/packages/d9/cf/7b1908ca72e484bac555431036292c48d2d6504a45e2789848cb5ff313a8/grpcio_tools-1.67.1-cp312-cp312-linux_armv7l.whl", hash = "sha256:bd5caef3a484e226d05a3f72b2d69af500dca972cf434bf6b08b150880166f0b", size = 2307645 },
    { url = "https://files.pythonhosted.org/packages/bb/15/0d1efb38af8af7e56b2342322634a3caf5f1337a6c3857a6d14aa590dfdf/grpcio_tools-1.67.1-cp312-cp312-macosx_10_9_universal2.whl", hash = "sha256:48a2d63d1010e5b218e8e758ecb2a8d63c0c6016434e9f973df1c3558917020a", size = 5525468 },
    { url = "https://files.pythonhosted.org/packages/52/42/a810709099f09ade7f32990c0712c555b3d7eab6a05fb62618c17f8fe9da/grpcio_tools-1.67.1-cp312-cp312-manylinux_2_17_aarch64.whl", hash = "sha256:baa64a6aa009bffe86309e236c81b02cd4a88c1ebd66f2d92e84e9b97a9ae857", size = 2281768 },
    { url = "https://files.pythonhosted.org/packages/4c/2a/64ee6cfdf1c32ef8bdd67bf04ae2f745f517f4a546281453ca1f68fa79ca/grpcio_tools-1.67.1-cp312-cp312-manylinux_2_17_i686.manylinux2014_i686.whl", hash = "sha256:4ab318c40b5e3c097a159035fc3e4ecfbe9b3d2c9de189e55468b2c27639a6ab", size = 2617359 },
    { url = "https://files.pythonhosted.org/packages/79/7f/1ed8cd1529253fef9cf0ef3cd8382641125a5ca2eaa08eaffbb549f84e0b/grpcio_tools-1.67.1-cp312-cp312-manylinux_2_17_x86_64.manylinux2014_x86_64.whl", hash = "sha256:50eba3e31f9ac1149463ad9182a37349850904f142cffbd957cd7f54ec320b8e", size = 2415323 },
    { url = "https://files.pythonhosted.org/packages/8e/08/59f0073c58703c176c15fb1a838763b77c1c06994adba16654b92a666e1b/grpcio_tools-1.67.1-cp312-cp312-musllinux_1_1_i686.whl", hash = "sha256:de6fbc071ecc4fe6e354a7939202191c1f1abffe37fbce9b08e7e9a5b93eba3d", size = 3225051 },
    { url = "https://files.pythonhosted.org/packages/b7/0d/a5d703214fe49d261b4b8f0a64140a4dc1f88560724a38ad937120b899ad/grpcio_tools-1.67.1-cp312-cp312-musllinux_1_1_x86_64.whl", hash = "sha256:db9e87f6ea4b0ce99b2651203480585fd9e8dd0dd122a19e46836e93e3a1b749", size = 2870421 },
    { url = "https://files.pythonhosted.org/packages/ac/af/41d79cb87eae99c0348e8f1fb3dbed9e40a6f63548b216e99f4d1165fa5c/grpcio_tools-1.67.1-cp312-cp312-win32.whl", hash = "sha256:6a595a872fb720dde924c4e8200f41d5418dd6baab8cc1a3c1e540f8f4596351", size = 940542 },
    { url = "https://files.pythonhosted.org/packages/66/e5/096e12f5319835aa2bcb746d49ae62220bb48313ca649e89bdbef605c11d/grpcio_tools-1.67.1-cp312-cp312-win_amd64.whl", hash = "sha256:92eebb9b31031604ae97ea7657ae2e43149b0394af7117ad7e15894b6cc136dc", size = 1090425 },
]

[[package]]
name = "h11"
version = "0.14.0"
source = { registry = "https://pypi.org/simple" }
sdist = { url = "https://files.pythonhosted.org/packages/f5/38/3af3d3633a34a3316095b39c8e8fb4853a28a536e55d347bd8d8e9a14b03/h11-0.14.0.tar.gz", hash = "sha256:8f19fbbe99e72420ff35c00b27a34cb9937e902a8b810e2c88300c6f0a3b699d", size = 100418 }
wheels = [
    { url = "https://files.pythonhosted.org/packages/95/04/ff642e65ad6b90db43e668d70ffb6736436c7ce41fcc549f4e9472234127/h11-0.14.0-py3-none-any.whl", hash = "sha256:e3fe4ac4b851c468cc8363d500db52c2ead036020723024a109d37346efaa761", size = 58259 },
]

[[package]]
name = "idna"
version = "3.10"
source = { registry = "https://pypi.org/simple" }
sdist = { url = "https://files.pythonhosted.org/packages/f1/70/7703c29685631f5a7590aa73f1f1d3fa9a380e654b86af429e0934a32f7d/idna-3.10.tar.gz", hash = "sha256:12f65c9b470abda6dc35cf8e63cc574b1c52b11df2c86030af0ac09b01b13ea9", size = 190490 }
wheels = [
    { url = "https://files.pythonhosted.org/packages/76/c6/c88e154df9c4e1a2a66ccf0005a88dfb2650c1dffb6f5ce603dfbd452ce3/idna-3.10-py3-none-any.whl", hash = "sha256:946d195a0d259cbba61165e88e65941f16e9b36ea6ddb97f00452bae8b1287d3", size = 70442 },
]

[[package]]
name = "multidict"
version = "6.1.0"
source = { registry = "https://pypi.org/simple" }
sdist = { url = "https://files.pythonhosted.org/packages/d6/be/504b89a5e9ca731cd47487e91c469064f8ae5af93b7259758dcfc2b9c848/multidict-6.1.0.tar.gz", hash = "sha256:22ae2ebf9b0c69d206c003e2f6a914ea33f0a932d4aa16f236afc049d9958f4a", size = 64002 }
wheels = [
    { url = "https://files.pythonhosted.org/packages/fd/16/92057c74ba3b96d5e211b553895cd6dc7cc4d1e43d9ab8fafc727681ef71/multidict-6.1.0-cp312-cp312-macosx_10_9_universal2.whl", hash = "sha256:b04772ed465fa3cc947db808fa306d79b43e896beb677a56fb2347ca1a49c1fa", size = 48713 },
    { url = "https://files.pythonhosted.org/packages/94/3d/37d1b8893ae79716179540b89fc6a0ee56b4a65fcc0d63535c6f5d96f217/multidict-6.1.0-cp312-cp312-macosx_10_9_x86_64.whl", hash = "sha256:6180c0ae073bddeb5a97a38c03f30c233e0a4d39cd86166251617d1bbd0af436", size = 29516 },
    { url = "https://files.pythonhosted.org/packages/a2/12/adb6b3200c363062f805275b4c1e656be2b3681aada66c80129932ff0bae/multidict-6.1.0-cp312-cp312-macosx_11_0_arm64.whl", hash = "sha256:071120490b47aa997cca00666923a83f02c7fbb44f71cf7f136df753f7fa8761", size = 29557 },
    { url = "https://files.pythonhosted.org/packages/47/e9/604bb05e6e5bce1e6a5cf80a474e0f072e80d8ac105f1b994a53e0b28c42/multidict-6.1.0-cp312-cp312-manylinux_2_17_aarch64.manylinux2014_aarch64.whl", hash = "sha256:50b3a2710631848991d0bf7de077502e8994c804bb805aeb2925a981de58ec2e", size = 130170 },
    { url = "https://files.pythonhosted.org/packages/7e/13/9efa50801785eccbf7086b3c83b71a4fb501a4d43549c2f2f80b8787d69f/multidict-6.1.0-cp312-cp312-manylinux_2_17_ppc64le.manylinux2014_ppc64le.whl", hash = "sha256:b58c621844d55e71c1b7f7c498ce5aa6985d743a1a59034c57a905b3f153c1ef", size = 134836 },
    { url = "https://files.pythonhosted.org/packages/bf/0f/93808b765192780d117814a6dfcc2e75de6dcc610009ad408b8814dca3ba/multidict-6.1.0-cp312-cp312-manylinux_2_17_s390x.manylinux2014_s390x.whl", hash = "sha256:55b6d90641869892caa9ca42ff913f7ff1c5ece06474fbd32fb2cf6834726c95", size = 133475 },
    { url = "https://files.pythonhosted.org/packages/d3/c8/529101d7176fe7dfe1d99604e48d69c5dfdcadb4f06561f465c8ef12b4df/multidict-6.1.0-cp312-cp312-manylinux_2_17_x86_64.manylinux2014_x86_64.whl", hash = "sha256:4b820514bfc0b98a30e3d85462084779900347e4d49267f747ff54060cc33925", size = 131049 },
    { url = "https://files.pythonhosted.org/packages/ca/0c/fc85b439014d5a58063e19c3a158a889deec399d47b5269a0f3b6a2e28bc/multidict-6.1.0-cp312-cp312-manylinux_2_5_i686.manylinux1_i686.manylinux_2_17_i686.manylinux2014_i686.whl", hash = "sha256:10a9b09aba0c5b48c53761b7c720aaaf7cf236d5fe394cd399c7ba662d5f9966", size = 120370 },
    { url = "https://files.pythonhosted.org/packages/db/46/d4416eb20176492d2258fbd47b4abe729ff3b6e9c829ea4236f93c865089/multidict-6.1.0-cp312-cp312-musllinux_1_2_aarch64.whl", hash = "sha256:1e16bf3e5fc9f44632affb159d30a437bfe286ce9e02754759be5536b169b305", size = 125178 },
    { url = "https://files.pythonhosted.org/packages/5b/46/73697ad7ec521df7de5531a32780bbfd908ded0643cbe457f981a701457c/multidict-6.1.0-cp312-cp312-musllinux_1_2_i686.whl", hash = "sha256:76f364861c3bfc98cbbcbd402d83454ed9e01a5224bb3a28bf70002a230f73e2", size = 119567 },
    { url = "https://files.pythonhosted.org/packages/cd/ed/51f060e2cb0e7635329fa6ff930aa5cffa17f4c7f5c6c3ddc3500708e2f2/multidict-6.1.0-cp312-cp312-musllinux_1_2_ppc64le.whl", hash = "sha256:820c661588bd01a0aa62a1283f20d2be4281b086f80dad9e955e690c75fb54a2", size = 129822 },
    { url = "https://files.pythonhosted.org/packages/df/9e/ee7d1954b1331da3eddea0c4e08d9142da5f14b1321c7301f5014f49d492/multidict-6.1.0-cp312-cp312-musllinux_1_2_s390x.whl", hash = "sha256:0e5f362e895bc5b9e67fe6e4ded2492d8124bdf817827f33c5b46c2fe3ffaca6", size = 128656 },
    { url = "https://files.pythonhosted.org/packages/77/00/8538f11e3356b5d95fa4b024aa566cde7a38aa7a5f08f4912b32a037c5dc/multidict-6.1.0-cp312-cp312-musllinux_1_2_x86_64.whl", hash = "sha256:3ec660d19bbc671e3a6443325f07263be452c453ac9e512f5eb935e7d4ac28b3", size = 125360 },
    { url = "https://files.pythonhosted.org/packages/be/05/5d334c1f2462d43fec2363cd00b1c44c93a78c3925d952e9a71caf662e96/multidict-6.1.0-cp312-cp312-win32.whl", hash = "sha256:58130ecf8f7b8112cdb841486404f1282b9c86ccb30d3519faf301b2e5659133", size = 26382 },
    { url = "https://files.pythonhosted.org/packages/a3/bf/f332a13486b1ed0496d624bcc7e8357bb8053823e8cd4b9a18edc1d97e73/multidict-6.1.0-cp312-cp312-win_amd64.whl", hash = "sha256:188215fc0aafb8e03341995e7c4797860181562380f81ed0a87ff455b70bf1f1", size = 28529 },
    { url = "https://files.pythonhosted.org/packages/99/b7/b9e70fde2c0f0c9af4cc5277782a89b66d35948ea3369ec9f598358c3ac5/multidict-6.1.0-py3-none-any.whl", hash = "sha256:48e171e52d1c4d33888e529b999e5900356b9ae588c2f09a52dcefb158b27506", size = 10051 },
]

[[package]]
name = "netifaces"
version = "0.10.6"
source = { registry = "https://pypi.org/simple" }
sdist = { url = "https://files.pythonhosted.org/packages/72/01/ba076082628901bca750bf53b322a8ff10c1d757dc29196a8e6082711c9d/netifaces-0.10.6.tar.gz", hash = "sha256:0c4da523f36d36f1ef92ee183f2512f3ceb9a9d2a45f7d19cda5a42c6689ebe0", size = 25166 }

[[package]]
name = "propcache"
version = "0.2.0"
source = { registry = "https://pypi.org/simple" }
sdist = { url = "https://files.pythonhosted.org/packages/a9/4d/5e5a60b78dbc1d464f8a7bbaeb30957257afdc8512cbb9dfd5659304f5cd/propcache-0.2.0.tar.gz", hash = "sha256:df81779732feb9d01e5d513fad0122efb3d53bbc75f61b2a4f29a020bc985e70", size = 40951 }
wheels = [
    { url = "https://files.pythonhosted.org/packages/7c/46/a41ca1097769fc548fc9216ec4c1471b772cc39720eb47ed7e38ef0006a9/propcache-0.2.0-cp312-cp312-macosx_10_13_universal2.whl", hash = "sha256:2ee7606193fb267be4b2e3b32714f2d58cad27217638db98a60f9efb5efeccc2", size = 80800 },
    { url = "https://files.pythonhosted.org/packages/75/4f/93df46aab9cc473498ff56be39b5f6ee1e33529223d7a4d8c0a6101a9ba2/propcache-0.2.0-cp312-cp312-macosx_10_13_x86_64.whl", hash = "sha256:91ee8fc02ca52e24bcb77b234f22afc03288e1dafbb1f88fe24db308910c4ac7", size = 46443 },
    { url = "https://files.pythonhosted.org/packages/0b/17/308acc6aee65d0f9a8375e36c4807ac6605d1f38074b1581bd4042b9fb37/propcache-0.2.0-cp312-cp312-macosx_11_0_arm64.whl", hash = "sha256:2e900bad2a8456d00a113cad8c13343f3b1f327534e3589acc2219729237a2e8", size = 45676 },
    { url = "https://files.pythonhosted.org/packages/65/44/626599d2854d6c1d4530b9a05e7ff2ee22b790358334b475ed7c89f7d625/propcache-0.2.0-cp312-cp312-manylinux_2_17_aarch64.manylinux2014_aarch64.whl", hash = "sha256:f52a68c21363c45297aca15561812d542f8fc683c85201df0bebe209e349f793", size = 246191 },
    { url = "https://files.pythonhosted.org/packages/f2/df/5d996d7cb18df076debae7d76ac3da085c0575a9f2be6b1f707fe227b54c/propcache-0.2.0-cp312-cp312-manylinux_2_17_ppc64le.manylinux2014_ppc64le.whl", hash = "sha256:1e41d67757ff4fbc8ef2af99b338bfb955010444b92929e9e55a6d4dcc3c4f09", size = 251791 },
    { url = "https://files.pythonhosted.org/packages/2e/6d/9f91e5dde8b1f662f6dd4dff36098ed22a1ef4e08e1316f05f4758f1576c/propcache-0.2.0-cp312-cp312-manylinux_2_17_s390x.manylinux2014_s390x.whl", hash = "sha256:a64e32f8bd94c105cc27f42d3b658902b5bcc947ece3c8fe7bc1b05982f60e89", size = 253434 },
    { url = "https://files.pythonhosted.org/packages/3c/e9/1b54b7e26f50b3e0497cd13d3483d781d284452c2c50dd2a615a92a087a3/propcache-0.2.0-cp312-cp312-manylinux_2_17_x86_64.manylinux2014_x86_64.whl", hash = "sha256:55346705687dbd7ef0d77883ab4f6fabc48232f587925bdaf95219bae072491e", size = 248150 },
    { url = "https://files.pythonhosted.org/packages/a7/ef/a35bf191c8038fe3ce9a414b907371c81d102384eda5dbafe6f4dce0cf9b/propcache-0.2.0-cp312-cp312-manylinux_2_5_i686.manylinux1_i686.manylinux_2_17_i686.manylinux2014_i686.whl", hash = "sha256:00181262b17e517df2cd85656fcd6b4e70946fe62cd625b9d74ac9977b64d8d9", size = 233568 },
    { url = "https://files.pythonhosted.org/packages/97/d9/d00bb9277a9165a5e6d60f2142cd1a38a750045c9c12e47ae087f686d781/propcache-0.2.0-cp312-cp312-musllinux_1_2_aarch64.whl", hash = "sha256:6994984550eaf25dd7fc7bd1b700ff45c894149341725bb4edc67f0ffa94efa4", size = 229874 },
    { url = "https://files.pythonhosted.org/packages/8e/78/c123cf22469bdc4b18efb78893e69c70a8b16de88e6160b69ca6bdd88b5d/propcache-0.2.0-cp312-cp312-musllinux_1_2_armv7l.whl", hash = "sha256:56295eb1e5f3aecd516d91b00cfd8bf3a13991de5a479df9e27dd569ea23959c", size = 225857 },
    { url = "https://files.pythonhosted.org/packages/31/1b/fd6b2f1f36d028820d35475be78859d8c89c8f091ad30e377ac49fd66359/propcache-0.2.0-cp312-cp312-musllinux_1_2_i686.whl", hash = "sha256:439e76255daa0f8151d3cb325f6dd4a3e93043e6403e6491813bcaaaa8733887", size = 227604 },
    { url = "https://files.pythonhosted.org/packages/99/36/b07be976edf77a07233ba712e53262937625af02154353171716894a86a6/propcache-0.2.0-cp312-cp312-musllinux_1_2_ppc64le.whl", hash = "sha256:f6475a1b2ecb310c98c28d271a30df74f9dd436ee46d09236a6b750a7599ce57", size = 238430 },
    { url = "https://files.pythonhosted.org/packages/0d/64/5822f496c9010e3966e934a011ac08cac8734561842bc7c1f65586e0683c/propcache-0.2.0-cp312-cp312-musllinux_1_2_s390x.whl", hash = "sha256:3444cdba6628accf384e349014084b1cacd866fbb88433cd9d279d90a54e0b23", size = 244814 },
    { url = "https://files.pythonhosted.org/packages/fd/bd/8657918a35d50b18a9e4d78a5df7b6c82a637a311ab20851eef4326305c1/propcache-0.2.0-cp312-cp312-musllinux_1_2_x86_64.whl", hash = "sha256:4a9d9b4d0a9b38d1c391bb4ad24aa65f306c6f01b512e10a8a34a2dc5675d348", size = 235922 },
    { url = "https://files.pythonhosted.org/packages/a8/6f/ec0095e1647b4727db945213a9f395b1103c442ef65e54c62e92a72a3f75/propcache-0.2.0-cp312-cp312-win32.whl", hash = "sha256:69d3a98eebae99a420d4b28756c8ce6ea5a29291baf2dc9ff9414b42676f61d5", size = 40177 },
    { url = "https://files.pythonhosted.org/packages/20/a2/bd0896fdc4f4c1db46d9bc361c8c79a9bf08ccc08ba054a98e38e7ba1557/propcache-0.2.0-cp312-cp312-win_amd64.whl", hash = "sha256:ad9c9b99b05f163109466638bd30ada1722abb01bbb85c739c50b6dc11f92dc3", size = 44446 },
    { url = "https://files.pythonhosted.org/packages/3d/b6/e6d98278f2d49b22b4d033c9f792eda783b9ab2094b041f013fc69bcde87/propcache-0.2.0-py3-none-any.whl", hash = "sha256:2ccc28197af5313706511fab3a8b66dcd6da067a1331372c82ea1cb74285e036", size = 11603 },
]

[[package]]
name = "protobuf"
version = "5.28.3"
source = { registry = "https://pypi.org/simple" }
sdist = { url = "https://files.pythonhosted.org/packages/74/6e/e69eb906fddcb38f8530a12f4b410699972ab7ced4e21524ece9d546ac27/protobuf-5.28.3.tar.gz", hash = "sha256:64badbc49180a5e401f373f9ce7ab1d18b63f7dd4a9cdc43c92b9f0b481cef7b", size = 422479 }
wheels = [
    { url = "https://files.pythonhosted.org/packages/d1/c5/05163fad52d7c43e124a545f1372d18266db36036377ad29de4271134a6a/protobuf-5.28.3-cp310-abi3-win32.whl", hash = "sha256:0c4eec6f987338617072592b97943fdbe30d019c56126493111cf24344c1cc24", size = 419624 },
    { url = "https://files.pythonhosted.org/packages/9c/4c/4563ebe001ff30dca9d7ed12e471fa098d9759712980cde1fd03a3a44fb7/protobuf-5.28.3-cp310-abi3-win_amd64.whl", hash = "sha256:91fba8f445723fcf400fdbe9ca796b19d3b1242cd873907979b9ed71e4afe868", size = 431464 },
    { url = "https://files.pythonhosted.org/packages/1c/f2/baf397f3dd1d3e4af7e3f5a0382b868d25ac068eefe1ebde05132333436c/protobuf-5.28.3-cp38-abi3-macosx_10_9_universal2.whl", hash = "sha256:a3f6857551e53ce35e60b403b8a27b0295f7d6eb63d10484f12bc6879c715687", size = 414743 },
    { url = "https://files.pythonhosted.org/packages/85/50/cd61a358ba1601f40e7d38bcfba22e053f40ef2c50d55b55926aecc8fec7/protobuf-5.28.3-cp38-abi3-manylinux2014_aarch64.whl", hash = "sha256:3fa2de6b8b29d12c61911505d893afe7320ce7ccba4df913e2971461fa36d584", size = 316511 },
    { url = "https://files.pythonhosted.org/packages/5d/ae/3257b09328c0b4e59535e497b0c7537d4954038bdd53a2f0d2f49d15a7c4/protobuf-5.28.3-cp38-abi3-manylinux2014_x86_64.whl", hash = "sha256:712319fbdddb46f21abb66cd33cb9e491a5763b2febd8f228251add221981135", size = 316624 },
    { url = "https://files.pythonhosted.org/packages/ad/c3/2377c159e28ea89a91cf1ca223f827ae8deccb2c9c401e5ca233cd73002f/protobuf-5.28.3-py3-none-any.whl", hash = "sha256:cee1757663fa32a1ee673434fcf3bf24dd54763c79690201208bafec62f19eed", size = 169511 },
]

[[package]]
name = "python-client"
version = "0.1.0"
source = { virtual = "." }
dependencies = [
    { name = "aiohttp" },
    { name = "grpcio" },
    { name = "grpcio-tools" },
    { name = "protobuf" },
    { name = "python-socketio" },
    { name = "redis" },
    { name = "ruff" },
    { name = "socketio" },
]

[package.dev-dependencies]
dev = [
    { name = "ruff" },
    { name = "types-protobuf" },
]

[package.metadata]
requires-dist = [
    { name = "aiohttp", specifier = ">=3.10.10" },
    { name = "grpcio", specifier = ">=1.67.1" },
    { name = "grpcio-tools", specifier = ">=1.67.1" },
    { name = "protobuf", specifier = ">=5.28.3" },
    { name = "python-socketio", specifier = ">=5.11.4" },
    { name = "redis", specifier = ">=5.2.0" },
    { name = "ruff", specifier = ">=0.7.2" },
    { name = "socketio", specifier = ">=0.2.1" },
]

[package.metadata.requires-dev]
dev = [
    { name = "ruff", specifier = ">=0.7.2" },
    { name = "types-protobuf", specifier = ">=5.28.3.20241030" },
]

[[package]]
name = "python-engineio"
version = "4.10.1"
source = { registry = "https://pypi.org/simple" }
dependencies = [
    { name = "simple-websocket" },
]
sdist = { url = "https://files.pythonhosted.org/packages/9e/d2/b985b0affc5944620e1f812969322f40204f75297c5087fc4cdd44f1a14e/python_engineio-4.10.1.tar.gz", hash = "sha256:166cea8dd7429638c5c4e3a4895beae95196e860bc6f29ed0b9fe753d1ef2072", size = 89853 }
wheels = [
    { url = "https://files.pythonhosted.org/packages/fc/74/1cec7f067ade8ed0351aed93ae6cfcd070e803d60fa70ecac6705de62936/python_engineio-4.10.1-py3-none-any.whl", hash = "sha256:445a94004ec8034960ab99e7ce4209ec619c6e6b6a12aedcb05abeab924025c0", size = 57924 },
]

[[package]]
name = "python-socketio"
version = "5.11.4"
source = { registry = "https://pypi.org/simple" }
dependencies = [
    { name = "bidict" },
    { name = "python-engineio" },
]
sdist = { url = "https://files.pythonhosted.org/packages/32/31/4ba0d9d86c645ba335d645f49167ca58b0874ca0e421682f97964e8adb42/python_socketio-5.11.4.tar.gz", hash = "sha256:8b0b8ff2964b2957c865835e936310190639c00310a47d77321a594d1665355e", size = 118982 }
wheels = [
    { url = "https://files.pythonhosted.org/packages/7e/9a/52b94c8c9516e07844d3da3d0da3e68649f172aeeace8d7a1becca9e6111/python_socketio-5.11.4-py3-none-any.whl", hash = "sha256:42efaa3e3e0b166fc72a527488a13caaac2cefc76174252486503bd496284945", size = 76246 },
]

[[package]]
name = "redis"
version = "5.2.0"
source = { registry = "https://pypi.org/simple" }
sdist = { url = "https://files.pythonhosted.org/packages/53/17/2f4a87ffa4cd93714cf52edfa3ea94589e9de65f71e9f99cbcfa84347a53/redis-5.2.0.tar.gz", hash = "sha256:0b1087665a771b1ff2e003aa5bdd354f15a70c9e25d5a7dbf9c722c16528a7b0", size = 4607878 }
wheels = [
    { url = "https://files.pythonhosted.org/packages/12/f5/ffa560ecc4bafbf25f7961c3d6f50d627a90186352e27e7d0ba5b1f6d87d/redis-5.2.0-py3-none-any.whl", hash = "sha256:ae174f2bb3b1bf2b09d54bf3e51fbc1469cf6c10aa03e21141f51969801a7897", size = 261428 },
]

[[package]]
name = "ruff"
version = "0.7.2"
source = { registry = "https://pypi.org/simple" }
sdist = { url = "https://files.pythonhosted.org/packages/95/51/231bb3790e5b0b9fd4131f9a231d73d061b3667522e3f406fd9b63334d0e/ruff-0.7.2.tar.gz", hash = "sha256:2b14e77293380e475b4e3a7a368e14549288ed2931fce259a6f99978669e844f", size = 3210036 }
wheels = [
    { url = "https://files.pythonhosted.org/packages/5c/56/0caa2b5745d66a39aa239c01059f6918fc76ed8380033d2f44bf297d141d/ruff-0.7.2-py3-none-linux_armv6l.whl", hash = "sha256:b73f873b5f52092e63ed540adefc3c36f1f803790ecf2590e1df8bf0a9f72cb8", size = 10373973 },
    { url = "https://files.pythonhosted.org/packages/1a/33/cad6ff306731f335d481c50caa155b69a286d5b388e87ff234cd2a4b3557/ruff-0.7.2-py3-none-macosx_10_12_x86_64.whl", hash = "sha256:5b813ef26db1015953daf476202585512afd6a6862a02cde63f3bafb53d0b2d4", size = 10171140 },
    { url = "https://files.pythonhosted.org/packages/97/f5/6a2ca5c9ba416226eac9cf8121a1baa6f06655431937e85f38ffcb9d0d01/ruff-0.7.2-py3-none-macosx_11_0_arm64.whl", hash = "sha256:853277dbd9675810c6826dad7a428d52a11760744508340e66bf46f8be9701d9", size = 9809333 },
    { url = "https://files.pythonhosted.org/packages/16/83/e3e87f13d1a1dc205713632978cd7bc287a59b08bc95780dbe359b9aefcb/ruff-0.7.2-py3-none-manylinux_2_17_aarch64.manylinux2014_aarch64.whl", hash = "sha256:21aae53ab1490a52bf4e3bf520c10ce120987b047c494cacf4edad0ba0888da2", size = 10622987 },
    { url = "https://files.pythonhosted.org/packages/22/16/97ccab194480e99a2e3c77ae132b3eebfa38c2112747570c403a4a13ba3a/ruff-0.7.2-py3-none-manylinux_2_17_armv7l.manylinux2014_armv7l.whl", hash = "sha256:ccc7e0fc6e0cb3168443eeadb6445285abaae75142ee22b2b72c27d790ab60ba", size = 10184640 },
    { url = "https://files.pythonhosted.org/packages/97/1b/82ff05441b036f68817296c14f24da47c591cb27acfda473ee571a5651ac/ruff-0.7.2-py3-none-manylinux_2_17_i686.manylinux2014_i686.whl", hash = "sha256:fd77877a4e43b3a98e5ef4715ba3862105e299af0c48942cc6d51ba3d97dc859", size = 11210203 },
    { url = "https://files.pythonhosted.org/packages/a6/96/7ecb30a7ef7f942e2d8e0287ad4c1957dddc6c5097af4978c27cfc334f97/ruff-0.7.2-py3-none-manylinux_2_17_ppc64.manylinux2014_ppc64.whl", hash = "sha256:e00163fb897d35523c70d71a46fbaa43bf7bf9af0f4534c53ea5b96b2e03397b", size = 11870894 },
    { url = "https://files.pythonhosted.org/packages/06/6a/c716bb126218227f8e604a9c484836257708a05ee3d2ebceb666ff3d3867/ruff-0.7.2-py3-none-manylinux_2_17_ppc64le.manylinux2014_ppc64le.whl", hash = "sha256:f3c54b538633482dc342e9b634d91168fe8cc56b30a4b4f99287f4e339103e88", size = 11449533 },
    { url = "https://files.pythonhosted.org/packages/e6/2f/3a5f9f9478904e5ae9506ea699109070ead1e79aac041e872cbaad8a7458/ruff-0.7.2-py3-none-manylinux_2_17_s390x.manylinux2014_s390x.whl", hash = "sha256:7b792468e9804a204be221b14257566669d1db5c00d6bb335996e5cd7004ba80", size = 12607919 },
    { url = "https://files.pythonhosted.org/packages/a0/57/4642e57484d80d274750dcc872ea66655bbd7e66e986fede31e1865b463d/ruff-0.7.2-py3-none-manylinux_2_17_x86_64.manylinux2014_x86_64.whl", hash = "sha256:dba53ed84ac19ae4bfb4ea4bf0172550a2285fa27fbb13e3746f04c80f7fa088", size = 11016915 },
    { url = "https://files.pythonhosted.org/packages/4d/6d/59be6680abee34c22296ae3f46b2a3b91662b8b18ab0bf388b5eb1355c97/ruff-0.7.2-py3-none-musllinux_1_2_aarch64.whl", hash = "sha256:b19fafe261bf741bca2764c14cbb4ee1819b67adb63ebc2db6401dcd652e3748", size = 10625424 },
    { url = "https://files.pythonhosted.org/packages/82/e7/f6a643683354c9bc7879d2f228ee0324fea66d253de49273a0814fba1927/ruff-0.7.2-py3-none-musllinux_1_2_armv7l.whl", hash = "sha256:28bd8220f4d8f79d590db9e2f6a0674f75ddbc3847277dd44ac1f8d30684b828", size = 10233692 },
    { url = "https://files.pythonhosted.org/packages/d7/48/b4e02fc835cd7ed1ee7318d9c53e48bcf6b66301f55925a7dcb920e45532/ruff-0.7.2-py3-none-musllinux_1_2_i686.whl", hash = "sha256:9fd67094e77efbea932e62b5d2483006154794040abb3a5072e659096415ae1e", size = 10751825 },
    { url = "https://files.pythonhosted.org/packages/1e/06/6c5ee6ab7bb4cbad9e8bb9b2dd0d818c759c90c1c9e057c6ed70334b97f4/ruff-0.7.2-py3-none-musllinux_1_2_x86_64.whl", hash = "sha256:576305393998b7bd6c46018f8104ea3a9cb3fa7908c21d8580e3274a3b04b691", size = 11074811 },
    { url = "https://files.pythonhosted.org/packages/a1/16/8969304f25bcd0e4af1778342e63b715e91db8a2dbb51807acd858cba915/ruff-0.7.2-py3-none-win32.whl", hash = "sha256:fa993cfc9f0ff11187e82de874dfc3611df80852540331bc85c75809c93253a8", size = 8650268 },
    { url = "https://files.pythonhosted.org/packages/d9/18/c4b00d161def43fe5968e959039c8f6ce60dca762cec4a34e4e83a4210a0/ruff-0.7.2-py3-none-win_amd64.whl", hash = "sha256:dd8800cbe0254e06b8fec585e97554047fb82c894973f7ff18558eee33d1cb88", size = 9433693 },
    { url = "https://files.pythonhosted.org/packages/7f/7b/c920673ac01c19814dd15fc617c02301c522f3d6812ca2024f4588ed4549/ruff-0.7.2-py3-none-win_arm64.whl", hash = "sha256:bb8368cd45bba3f57bb29cbb8d64b4a33f8415d0149d2655c5c8539452ce7760", size = 8735845 },
]

[[package]]
name = "setuptools"
version = "3.3"
source = { registry = "https://pypi.org/simple" }
sdist = { url = "https://files.pythonhosted.org/packages/82/e6/049fc4474cf5cebab5748e886836af23b41436f8b069eac836c7231e7325/setuptools-3.3.tar.gz", hash = "sha256:f3e6155f9bb62bfd59b7f6cc2ecda21aae903e6b585f8bc55e801609c5f7814f", size = 792267 }
wheels = [
    { url = "https://files.pythonhosted.org/packages/fc/20/0b304ea9830d53c9068e1e96bbf1ee529283f96ee0ee6ccaaa697f7b2383/setuptools-3.3-py2.py3-none-any.whl", hash = "sha256:4705222d7b1d308f67bd4a34ff2fb8a35b8a42f68ccb4a60586a2dd979665875", size = 545341 },
]

[[package]]
name = "simple-websocket"
version = "1.1.0"
source = { registry = "https://pypi.org/simple" }
dependencies = [
    { name = "wsproto" },
]
sdist = { url = "https://files.pythonhosted.org/packages/b0/d4/bfa032f961103eba93de583b161f0e6a5b63cebb8f2c7d0c6e6efe1e3d2e/simple_websocket-1.1.0.tar.gz", hash = "sha256:7939234e7aa067c534abdab3a9ed933ec9ce4691b0713c78acb195560aa52ae4", size = 17300 }
wheels = [
    { url = "https://files.pythonhosted.org/packages/52/59/0782e51887ac6b07ffd1570e0364cf901ebc36345fea669969d2084baebb/simple_websocket-1.1.0-py3-none-any.whl", hash = "sha256:4af6069630a38ed6c561010f0e11a5bc0d4ca569b36306eb257cd9a192497c8c", size = 13842 },
]

[[package]]
name = "socketio"
version = "0.2.1"
source = { registry = "https://pypi.org/simple" }
dependencies = [
    { name = "netifaces" },
    { name = "setuptools" },
]
sdist = { url = "https://files.pythonhosted.org/packages/e0/bf/37ebfc6f628741a1ece11a3147b1927168ff70839b6ec83d0f9a1526abee/socketio-0.2.1.tar.gz", hash = "sha256:dee5abde39c6021d9d1874582479a4e7f8a8352b38bc7731fb6b27b76976f62c", size = 6081 }

[[package]]
name = "types-protobuf"
version = "5.28.3.20241030"
source = { registry = "https://pypi.org/simple" }
sdist = { url = "https://files.pythonhosted.org/packages/c8/d4/d186e43cfb38ecefc91315ee9193d5722a88d7a3c8eac34a3ed603377407/types-protobuf-5.28.3.20241030.tar.gz", hash = "sha256:f7e6b45845d75393fb41c0b3ce82c46d775f9771fae2097414a1dbfe5b51a988", size = 54665 }
wheels = [
    { url = "https://files.pythonhosted.org/packages/72/da/c261bb44799d3f4455fc881ca342c14f5b5b23878bef568a1cdcd324e62f/types_protobuf-5.28.3.20241030-py3-none-any.whl", hash = "sha256:f3dae16adf342d4fb5bb3673cabb22549a6252e5dd66fc52d8310b1a39c64ba9", size = 68781 },
]

[[package]]
name = "wsproto"
version = "1.2.0"
source = { registry = "https://pypi.org/simple" }
dependencies = [
    { name = "h11" },
]
sdist = { url = "https://files.pythonhosted.org/packages/c9/4a/44d3c295350d776427904d73c189e10aeae66d7f555bb2feee16d1e4ba5a/wsproto-1.2.0.tar.gz", hash = "sha256:ad565f26ecb92588a3e43bc3d96164de84cd9902482b130d0ddbaa9664a85065", size = 53425 }
wheels = [
    { url = "https://files.pythonhosted.org/packages/78/58/e860788190eba3bcce367f74d29c4675466ce8dddfba85f7827588416f01/wsproto-1.2.0-py3-none-any.whl", hash = "sha256:b9acddd652b585d75b20477888c56642fdade28bdfd3579aa24a4d2c037dd736", size = 24226 },
]

[[package]]
name = "yarl"
version = "1.17.1"
source = { registry = "https://pypi.org/simple" }
dependencies = [
    { name = "idna" },
    { name = "multidict" },
    { name = "propcache" },
]
sdist = { url = "https://files.pythonhosted.org/packages/54/9c/9c0a9bfa683fc1be7fdcd9687635151544d992cccd48892dc5e0a5885a29/yarl-1.17.1.tar.gz", hash = "sha256:067a63fcfda82da6b198fa73079b1ca40b7c9b7994995b6ee38acda728b64d47", size = 178163 }
wheels = [
    { url = "https://files.pythonhosted.org/packages/5d/af/e25615c7920396219b943b9ff8b34636ae3e1ad30777649371317d7f05f8/yarl-1.17.1-cp312-cp312-macosx_10_13_universal2.whl", hash = "sha256:327828786da2006085a4d1feb2594de6f6d26f8af48b81eb1ae950c788d97f61", size = 141839 },
    { url = "https://files.pythonhosted.org/packages/83/5e/363d9de3495c7c66592523f05d21576a811015579e0c87dd38c7b5788afd/yarl-1.17.1-cp312-cp312-macosx_10_13_x86_64.whl", hash = "sha256:cc353841428d56b683a123a813e6a686e07026d6b1c5757970a877195f880c2d", size = 94125 },
    { url = "https://files.pythonhosted.org/packages/e3/a2/b65447626227ebe36f18f63ac551790068bf42c69bb22dfa3ae986170728/yarl-1.17.1-cp312-cp312-macosx_11_0_arm64.whl", hash = "sha256:c73df5b6e8fabe2ddb74876fb82d9dd44cbace0ca12e8861ce9155ad3c886139", size = 92048 },
    { url = "https://files.pythonhosted.org/packages/a1/f5/2ef86458446f85cde10582054fd5113495ef8ce8477da35aaaf26d2970ef/yarl-1.17.1-cp312-cp312-manylinux_2_17_aarch64.manylinux2014_aarch64.whl", hash = "sha256:0bdff5e0995522706c53078f531fb586f56de9c4c81c243865dd5c66c132c3b5", size = 331472 },
    { url = "https://files.pythonhosted.org/packages/f3/6b/1ba79758ba352cdf2ad4c20cab1b982dd369aa595bb0d7601fc89bf82bee/yarl-1.17.1-cp312-cp312-manylinux_2_17_ppc64le.manylinux2014_ppc64le.whl", hash = "sha256:06157fb3c58f2736a5e47c8fcbe1afc8b5de6fb28b14d25574af9e62150fcaac", size = 341260 },
    { url = "https://files.pythonhosted.org/packages/2d/41/4e07c2afca3f9ed3da5b0e38d43d0280d9b624a3d5c478c425e5ce17775c/yarl-1.17.1-cp312-cp312-manylinux_2_17_s390x.manylinux2014_s390x.whl", hash = "sha256:1654ec814b18be1af2c857aa9000de7a601400bd4c9ca24629b18486c2e35463", size = 340882 },
    { url = "https://files.pythonhosted.org/packages/c3/c0/cd8e94618983c1b811af082e1a7ad7764edb3a6af2bc6b468e0e686238ba/yarl-1.17.1-cp312-cp312-manylinux_2_17_x86_64.manylinux2014_x86_64.whl", hash = "sha256:7f6595c852ca544aaeeb32d357e62c9c780eac69dcd34e40cae7b55bc4fb1147", size = 336648 },
    { url = "https://files.pythonhosted.org/packages/ac/fc/73ec4340d391ffbb8f34eb4c55429784ec9f5bd37973ce86d52d67135418/yarl-1.17.1-cp312-cp312-manylinux_2_5_i686.manylinux1_i686.manylinux_2_17_i686.manylinux2014_i686.whl", hash = "sha256:459e81c2fb920b5f5df744262d1498ec2c8081acdcfe18181da44c50f51312f7", size = 325019 },
    { url = "https://files.pythonhosted.org/packages/57/48/da3ebf418fc239d0a156b3bdec6b17a5446f8d2dea752299c6e47b143a85/yarl-1.17.1-cp312-cp312-musllinux_1_2_aarch64.whl", hash = "sha256:7e48cdb8226644e2fbd0bdb0a0f87906a3db07087f4de77a1b1b1ccfd9e93685", size = 342841 },
    { url = "https://files.pythonhosted.org/packages/5d/79/107272745a470a8167924e353a5312eb52b5a9bb58e22686adc46c94f7ec/yarl-1.17.1-cp312-cp312-musllinux_1_2_armv7l.whl", hash = "sha256:d9b6b28a57feb51605d6ae5e61a9044a31742db557a3b851a74c13bc61de5172", size = 341433 },
    { url = "https://files.pythonhosted.org/packages/30/9c/6459668b3b8dcc11cd061fc53e12737e740fb6b1575b49c84cbffb387b3a/yarl-1.17.1-cp312-cp312-musllinux_1_2_i686.whl", hash = "sha256:e594b22688d5747b06e957f1ef822060cb5cb35b493066e33ceac0cf882188b7", size = 344927 },
    { url = "https://files.pythonhosted.org/packages/c5/0b/93a17ed733aca8164fc3a01cb7d47b3f08854ce4f957cce67a6afdb388a0/yarl-1.17.1-cp312-cp312-musllinux_1_2_ppc64le.whl", hash = "sha256:5f236cb5999ccd23a0ab1bd219cfe0ee3e1c1b65aaf6dd3320e972f7ec3a39da", size = 355732 },
    { url = "https://files.pythonhosted.org/packages/9a/63/ead2ed6aec3c59397e135cadc66572330325a0c24cd353cd5c94f5e63463/yarl-1.17.1-cp312-cp312-musllinux_1_2_s390x.whl", hash = "sha256:a2a64e62c7a0edd07c1c917b0586655f3362d2c2d37d474db1a509efb96fea1c", size = 362123 },
    { url = "https://files.pythonhosted.org/packages/89/bf/f6b75b4c2fcf0e7bb56edc0ed74e33f37fac45dc40e5a52a3be66b02587a/yarl-1.17.1-cp312-cp312-musllinux_1_2_x86_64.whl", hash = "sha256:d0eea830b591dbc68e030c86a9569826145df485b2b4554874b07fea1275a199", size = 356355 },
    { url = "https://files.pythonhosted.org/packages/45/1f/50a0257cd07eef65c8c65ad6a21f5fb230012d659e021aeb6ac8a7897bf6/yarl-1.17.1-cp312-cp312-win32.whl", hash = "sha256:46ddf6e0b975cd680eb83318aa1d321cb2bf8d288d50f1754526230fcf59ba96", size = 83279 },
    { url = "https://files.pythonhosted.org/packages/bc/82/fafb2c1268d63d54ec08b3a254fbe51f4ef098211501df646026717abee3/yarl-1.17.1-cp312-cp312-win_amd64.whl", hash = "sha256:117ed8b3732528a1e41af3aa6d4e08483c2f0f2e3d3d7dca7cf538b3516d93df", size = 89590 },
    { url = "https://files.pythonhosted.org/packages/52/ad/1fe7ff5f3e8869d4c5070f47b96bac2b4d15e67c100a8278d8e7876329fc/yarl-1.17.1-py3-none-any.whl", hash = "sha256:f1790a4b1e8e8e028c391175433b9c8122c39b46e1663228158e61e6f915bf06", size = 44352 },
]
